<?xml version="1.0" encoding="utf-8"?>
<Project ToolsVersion="4.0" xmlns="http://schemas.microsoft.com/developer/msbuild/2003">
  <ItemGroup>
    <Filter Include="소스 파일">
      <UniqueIdentifier>{4FC737F1-C7A5-4376-A066-2A32D752A2FF}</UniqueIdentifier>
      <Extensions>cpp;c;cc;cxx;def;odl;idl;hpj;bat;asm;asmx</Extensions>
    </Filter>
    <Filter Include="헤더 파일">
      <UniqueIdentifier>{93995380-89BD-4b04-88EB-625FBE52EBFB}</UniqueIdentifier>
      <Extensions>h;hh;hpp;hxx;hm;inl;inc;ipp;xsd</Extensions>
    </Filter>
    <Filter Include="리소스 파일">
      <UniqueIdentifier>{67DA6AB6-F800-4c08-8B7A-83BB121AAD01}</UniqueIdentifier>
      <Extensions>rc;ico;cur;bmp;dlg;rc2;rct;bin;rgs;gif;jpg;jpeg;jpe;resx;tiff;tif;png;wav;mfcribbon-ms</Extensions>
    </Filter>
  </ItemGroup>
  <ItemGroup>
    <ClInclude Include="stdafx.h">
      <Filter>헤더 파일</Filter>
    </ClInclude>
  </ItemGroup>
  <ItemGroup>
    <ClCompile Include="Lambda_Sort.cpp">
      <Filter>소스 파일</Filter>
    </ClCompile>
    <ClCompile Include="Multi_Catch.cpp">
      <Filter>소스 파일</Filter>
    </ClCompile>
    <ClCompile Include="Multi_Inheritance.cpp">
      <Filter>소스 파일</Filter>
    </ClCompile>
    <ClCompile Include="Pure_Virtual.cpp">
      <Filter>소스 파일</Filter>
    </ClCompile>
    <ClCompile Include="SelectConstructor.cpp">
      <Filter>소스 파일</Filter>
    </ClCompile>
    <ClCompile Include="Shared_Ptr.cpp">
      <Filter>소스 파일</Filter>
    </ClCompile>
    <ClCompile Include="Shared_Ptr_Array.cpp">
      <Filter>소스 파일</Filter>
    </ClCompile>
    <ClCompile Include="Static_Cast.cpp">
      <Filter>소스 파일</Filter>
    </ClCompile>
    <ClCompile Include="STL_String.cpp">
      <Filter>소스 파일</Filter>
    </ClCompile>
    <ClCompile Include="STL_Vector.cpp">
      <Filter>소스 파일</Filter>
    </ClCompile>
    <ClCompile Include="Template_Function_Specialization.cpp">
      <Filter>소스 파일</Filter>
    </ClCompile>
    <ClCompile Include="Template_Member_Declairation_Definition.cpp">
      <Filter>소스 파일</Filter>
    </ClCompile>
    <ClCompile Include="Template_Parameter.cpp">
      <Filter>소스 파일</Filter>
    </ClCompile>
    <ClCompile Include="Unique_Ptr.cpp">
      <Filter>소스 파일</Filter>
    </ClCompile>
    <ClCompile Include="Virtual_Destructor.cpp">
      <Filter>소스 파일</Filter>
    </ClCompile>
    <ClCompile Include="Virtual_Function.cpp">
      <Filter>소스 파일</Filter>
    </ClCompile>
    <ClCompile Include="Virtual_Table.cpp">
      <Filter>소스 파일</Filter>
    </ClCompile>
    <ClCompile Include="Aggregation_Relationship.cpp">
      <Filter>소스 파일</Filter>
    </ClCompile>
    <ClCompile Include="Auto_Pointer.cpp">
      <Filter>소스 파일</Filter>
    </ClCompile>
    <ClCompile Include="AutoPtr_Shallow_Copy.cpp">
      <Filter>소스 파일</Filter>
    </ClCompile>
    <ClCompile Include="Class_Template.cpp">
      <Filter>소스 파일</Filter>
    </ClCompile>
    <ClCompile Include="Class_Template_Array.cpp">
      <Filter>소스 파일</Filter>
    </ClCompile>
    <ClCompile Include="Class_Template_Specialization.cpp">
      <Filter>소스 파일</Filter>
    </ClCompile>
    <ClCompile Include="Composition_Relation.cpp">
      <Filter>소스 파일</Filter>
    </ClCompile>
    <ClCompile Include="Dynamic_Cast.cpp">
      <Filter>소스 파일</Filter>
    </ClCompile>
    <ClCompile Include="Except_Allocation.cpp">
      <Filter>소스 파일</Filter>
    </ClCompile>
    <ClCompile Include="Except_Case1.cpp">
      <Filter>소스 파일</Filter>
    </ClCompile>
    <ClCompile Include="Except_Case2.cpp">
      <Filter>소스 파일</Filter>
    </ClCompile>
    <ClCompile Include="Except_Case3.cpp">
      <Filter>소스 파일</Filter>
    </ClCompile>
    <ClCompile Include="Except_Class.cpp">
      <Filter>소스 파일</Filter>
    </ClCompile>
    <ClCompile Include="Except_Stack.cpp">
      <Filter>소스 파일</Filter>
    </ClCompile>
    <ClCompile Include="Friend_Class.cpp">
      <Filter>소스 파일</Filter>
    </ClCompile>
    <ClCompile Include="Friend_Function.cpp">
      <Filter>소스 파일</Filter>
    </ClCompile>
    <ClCompile Include="Function_Object.cpp">
      <Filter>소스 파일</Filter>
    </ClCompile>
    <ClCompile Include="Function_Object_Sort.cpp">
      <Filter>소스 파일</Filter>
    </ClCompile>
    <ClCompile Include="Inherit_Of_Operator_Overloading.cpp">
      <Filter>소스 파일</Filter>
    </ClCompile>
    <ClCompile Include="Interface.cpp">
      <Filter>소스 파일</Filter>
    </ClCompile>
    <ClCompile Include="Interface_Multiple_Inheritance.cpp">
      <Filter>소스 파일</Filter>
    </ClCompile>
    <ClCompile Include="Lambda.cpp">
      <Filter>소스 파일</Filter>
    </ClCompile>
    <ClCompile Include="Lambda_Capture.cpp">
      <Filter>소스 파일</Filter>
    </ClCompile>
    <ClCompile Include="Lambda_Functional.cpp">
      <Filter>소스 파일</Filter>
    </ClCompile>
  </ItemGroup>
</Project>